<Solution>
  <Folder Name="/Solution Items/">
    <File Path=".env.development" />
    <File Path=".env.example" />
    <File Path=".env.production" />
    <File Path=".gitignore" />
    <File Path="compose.yaml" />
  </Folder>
  <Project Path="FirstAPIProject.Application/FirstAPIProject.Application.csproj" />
  <Project Path="FirstAPIProject.Domain/FirstAPIProject.Domain.csproj" />
  <Project Path="FirstAPIProject.Infrastructure/FirstAPIProject.Infrastructure.csproj" />
  <Project Path="FirstAPIProject/FirstAPIProject.API.csproj" />
</Solution>
